{
  "version": "2",
  "remote": {},
  "npm": {
    "specifiers": {
      "zenn-cli@latest": "zenn-cli@0.1.146"
    },
    "packages": {
      "zenn-cli@0.1.146": {
        "integrity": "sha512-IjxTGvaatNpaTl/3spegOqSIOZOZG+QAllbQjlsgS3yxKRWZZ4dl2XRpTpaI5Qg9E4NCuX5EZ9+SM+9cxdzSgQ==",
        "dependencies": {}
      }
    }
  }
}
